// !$*UTF8*$!
{
	archiveVersion = 1;
	classes = {
	};
	objectVersion = 46;
	objects = {

/* Begin PBXBuildFile section */
		D41F2EBF1347C3CD00E84862 /* img_test.bmp in Resources */ = {isa = PBXBuildFile; fileRef = D41F2EBD1347C3CD00E84862 /* img_test.bmp */; };
		D41F2EC01347C3CD00E84862 /* img_test.png in Resources */ = {isa = PBXBuildFile; fileRef = D41F2EBE1347C3CD00E84862 /* img_test.png */; };
		D41F2F6013484C5C00E84862 /* hash_map_defs.h in Headers */ = {isa = PBXBuildFile; fileRef = D41F2F5F13484C5C00E84862 /* hash_map_defs.h */; };
		D4271ABF1342E10A00553669 /* libplasma2d.a in Frameworks */ = {isa = PBXBuildFile; fileRef = D465E0D31342D6E800E7D604 /* libplasma2d.a */; };
		D427F62D1341A0480015C23D /* UIKit.framework in Frameworks */ = {isa = PBXBuildFile; fileRef = D427F62C1341A0480015C23D /* UIKit.framework */; };
		D427F62F1341A0480015C23D /* Foundation.framework in Frameworks */ = {isa = PBXBuildFile; fileRef = D427F62E1341A0480015C23D /* Foundation.framework */; };
		D427F6311341A0480015C23D /* CoreGraphics.framework in Frameworks */ = {isa = PBXBuildFile; fileRef = D427F6301341A0480015C23D /* CoreGraphics.framework */; };
		D427F6331341A0480015C23D /* QuartzCore.framework in Frameworks */ = {isa = PBXBuildFile; fileRef = D427F6321341A0480015C23D /* QuartzCore.framework */; };
		D427F6351341A0480015C23D /* OpenGLES.framework in Frameworks */ = {isa = PBXBuildFile; fileRef = D427F6341341A0480015C23D /* OpenGLES.framework */; };
		D427F63B1341A0480015C23D /* InfoPlist.strings in Resources */ = {isa = PBXBuildFile; fileRef = D427F6391341A0480015C23D /* InfoPlist.strings */; };
		D427F63E1341A0480015C23D /* main.m in Sources */ = {isa = PBXBuildFile; fileRef = D427F63D1341A0480015C23D /* main.m */; };
		D427F6411341A0480015C23D /* plasma2dAppDelegate.mm in Sources */ = {isa = PBXBuildFile; fileRef = D427F6401341A0480015C23D /* plasma2dAppDelegate.mm */; };
		D427F6441341A0480015C23D /* MainWindow.xib in Resources */ = {isa = PBXBuildFile; fileRef = D427F6421341A0480015C23D /* MainWindow.xib */; };
		D427F64B1341A0480015C23D /* EAGLView.m in Sources */ = {isa = PBXBuildFile; fileRef = D427F64A1341A0480015C23D /* EAGLView.m */; };
		D427F64E1341A0480015C23D /* plasma2dViewController.mm in Sources */ = {isa = PBXBuildFile; fileRef = D427F64D1341A0480015C23D /* plasma2dViewController.mm */; };
		D427F6511341A0480015C23D /* plasma2dViewController.xib in Resources */ = {isa = PBXBuildFile; fileRef = D427F64F1341A0480015C23D /* plasma2dViewController.xib */; };
		D465E0D41342D6E800E7D604 /* Foundation.framework in Frameworks */ = {isa = PBXBuildFile; fileRef = D427F62E1341A0480015C23D /* Foundation.framework */; };
		D465E0DC1342D9E500E7D604 /* plasma2d.h in Headers */ = {isa = PBXBuildFile; fileRef = D465E0DB1342D9E500E7D604 /* plasma2d.h */; };
		D465E0E01342DB3A00E7D604 /* engine.cc in Sources */ = {isa = PBXBuildFile; fileRef = D465E0DE1342DB3A00E7D604 /* engine.cc */; };
		D465E0E11342DB3A00E7D604 /* engine.h in Headers */ = {isa = PBXBuildFile; fileRef = D465E0DF1342DB3A00E7D604 /* engine.h */; };
		D48749CD135254A200308CD7 /* move_color.vert in CopyFiles */ = {isa = PBXBuildFile; fileRef = D48749C7135241E800308CD7 /* move_color.vert */; };
		D48749CF1352567C00308CD7 /* move_color.frag in CopyFiles */ = {isa = PBXBuildFile; fileRef = D48749CE1352563300308CD7 /* move_color.frag */; };
		D4A0225613452EF600E1031F /* scene.cc in Sources */ = {isa = PBXBuildFile; fileRef = D4A0225413452EF600E1031F /* scene.cc */; };
		D4A0225713452EF600E1031F /* scene.h in Headers */ = {isa = PBXBuildFile; fileRef = D4A0225513452EF600E1031F /* scene.h */; };
		D4A0225B13452FA100E1031F /* display_object.cc in Sources */ = {isa = PBXBuildFile; fileRef = D4A0225913452FA100E1031F /* display_object.cc */; };
		D4A0225C13452FA100E1031F /* display_object.h in Headers */ = {isa = PBXBuildFile; fileRef = D4A0225A13452FA100E1031F /* display_object.h */; };
		D4A0225F1345300800E1031F /* defs.cc in Sources */ = {isa = PBXBuildFile; fileRef = D4A0225D1345300700E1031F /* defs.cc */; };
		D4A022601345300800E1031F /* defs.h in Headers */ = {isa = PBXBuildFile; fileRef = D4A0225E1345300700E1031F /* defs.h */; };
		D4A022631345303900E1031F /* animator.cc in Sources */ = {isa = PBXBuildFile; fileRef = D4A022611345303800E1031F /* animator.cc */; };
		D4A022641345303900E1031F /* animator.h in Headers */ = {isa = PBXBuildFile; fileRef = D4A022621345303900E1031F /* animator.h */; };
		D4A02267134537C000E1031F /* test_scene.cc in Sources */ = {isa = PBXBuildFile; fileRef = D4A02265134537C000E1031F /* test_scene.cc */; };
		D4A0226A13453E2600E1031F /* actor.cc in Sources */ = {isa = PBXBuildFile; fileRef = D4A0226813453E2300E1031F /* actor.cc */; };
		D4A0226B13453E2600E1031F /* actor.h in Headers */ = {isa = PBXBuildFile; fileRef = D4A0226913453E2400E1031F /* actor.h */; };
		D4BA3956134EAFD600D39D50 /* shader_manager.cc in Sources */ = {isa = PBXBuildFile; fileRef = D4BA3954134EAFD600D39D50 /* shader_manager.cc */; };
		D4BA3957134EAFD600D39D50 /* shader_manager.h in Headers */ = {isa = PBXBuildFile; fileRef = D4BA3955134EAFD600D39D50 /* shader_manager.h */; };
		D4DEDEE11344438F00699EA9 /* director.cc in Sources */ = {isa = PBXBuildFile; fileRef = D4DEDEDF1344438F00699EA9 /* director.cc */; };
		D4DEDEE21344438F00699EA9 /* director.h in Headers */ = {isa = PBXBuildFile; fileRef = D4DEDEE01344438F00699EA9 /* director.h */; };
		D4E16C6F135699F700009D1B /* matrix.cc in Sources */ = {isa = PBXBuildFile; fileRef = D4E16C6D135699F600009D1B /* matrix.cc */; };
		D4E16C70135699F700009D1B /* matrix.h in Headers */ = {isa = PBXBuildFile; fileRef = D4E16C6E135699F600009D1B /* matrix.h */; };
		D4F05DC5134773C4002A4827 /* Foundation.framework in Frameworks */ = {isa = PBXBuildFile; fileRef = D427F62E1341A0480015C23D /* Foundation.framework */; };
		D4F05DCC1347742F002A4827 /* libsoil.a in Frameworks */ = {isa = PBXBuildFile; fileRef = D4F05DC4134773C4002A4827 /* libsoil.a */; };
		D4F05DD713477488002A4827 /* image_DXT.c in Sources */ = {isa = PBXBuildFile; fileRef = D4F05DCD13477488002A4827 /* image_DXT.c */; };
		D4F05DD813477488002A4827 /* image_DXT.h in Headers */ = {isa = PBXBuildFile; fileRef = D4F05DCE13477488002A4827 /* image_DXT.h */; };
		D4F05DD913477488002A4827 /* image_helper.c in Sources */ = {isa = PBXBuildFile; fileRef = D4F05DCF13477488002A4827 /* image_helper.c */; };
		D4F05DDA13477488002A4827 /* image_helper.h in Headers */ = {isa = PBXBuildFile; fileRef = D4F05DD013477488002A4827 /* image_helper.h */; };
		D4F05DDB13477488002A4827 /* SOIL.c in Sources */ = {isa = PBXBuildFile; fileRef = D4F05DD113477488002A4827 /* SOIL.c */; };
		D4F05DDC13477488002A4827 /* SOIL.h in Headers */ = {isa = PBXBuildFile; fileRef = D4F05DD213477488002A4827 /* SOIL.h */; };
		D4F05DDD13477488002A4827 /* stb_image_aug.c in Sources */ = {isa = PBXBuildFile; fileRef = D4F05DD313477488002A4827 /* stb_image_aug.c */; };
		D4F05DDE13477488002A4827 /* stb_image_aug.h in Headers */ = {isa = PBXBuildFile; fileRef = D4F05DD413477488002A4827 /* stb_image_aug.h */; };
		D4F05DDF13477488002A4827 /* stbi_DDS_aug_c.h in Headers */ = {isa = PBXBuildFile; fileRef = D4F05DD513477488002A4827 /* stbi_DDS_aug_c.h */; };
		D4F05DE013477488002A4827 /* stbi_DDS_aug.h in Headers */ = {isa = PBXBuildFile; fileRef = D4F05DD613477488002A4827 /* stbi_DDS_aug.h */; };
		D4F05DE313477E3E002A4827 /* texture_manager.cc in Sources */ = {isa = PBXBuildFile; fileRef = D4F05DE113477E3D002A4827 /* texture_manager.cc */; };
		D4F05DE413477E3E002A4827 /* texture_manager.h in Headers */ = {isa = PBXBuildFile; fileRef = D4F05DE213477E3D002A4827 /* texture_manager.h */; };
/* End PBXBuildFile section */

/* Begin PBXCopyFilesBuildPhase section */
		D48749CC1352549000308CD7 /* CopyFiles */ = {
			isa = PBXCopyFilesBuildPhase;
			buildActionMask = 2147483647;
			dstPath = shaders;
			dstSubfolderSpec = 6;
			files = (
				D48749CF1352567C00308CD7 /* move_color.frag in CopyFiles */,
				D48749CD135254A200308CD7 /* move_color.vert in CopyFiles */,
			);
			runOnlyForDeploymentPostprocessing = 0;
		};
/* End PBXCopyFilesBuildPhase section */

/* Begin PBXFileReference section */
		D41F2EBD1347C3CD00E84862 /* img_test.bmp */ = {isa = PBXFileReference; lastKnownFileType = image.bmp; path = img_test.bmp; sourceTree = "<group>"; };
		D41F2EBE1347C3CD00E84862 /* img_test.png */ = {isa = PBXFileReference; lastKnownFileType = image.png; path = img_test.png; sourceTree = "<group>"; };
		D41F2F5F13484C5C00E84862 /* hash_map_defs.h */ = {isa = PBXFileReference; fileEncoding = 4; lastKnownFileType = sourcecode.c.h; path = hash_map_defs.h; sourceTree = "<group>"; };
		D427F6281341A0480015C23D /* plasma2d.app */ = {isa = PBXFileReference; explicitFileType = wrapper.application; includeInIndex = 0; path = plasma2d.app; sourceTree = BUILT_PRODUCTS_DIR; };
		D427F62C1341A0480015C23D /* UIKit.framework */ = {isa = PBXFileReference; lastKnownFileType = wrapper.framework; name = UIKit.framework; path = System/Library/Frameworks/UIKit.framework; sourceTree = SDKROOT; };
		D427F62E1341A0480015C23D /* Foundation.framework */ = {isa = PBXFileReference; lastKnownFileType = wrapper.framework; name = Foundation.framework; path = System/Library/Frameworks/Foundation.framework; sourceTree = SDKROOT; };
		D427F6301341A0480015C23D /* CoreGraphics.framework */ = {isa = PBXFileReference; lastKnownFileType = wrapper.framework; name = CoreGraphics.framework; path = System/Library/Frameworks/CoreGraphics.framework; sourceTree = SDKROOT; };
		D427F6321341A0480015C23D /* QuartzCore.framework */ = {isa = PBXFileReference; lastKnownFileType = wrapper.framework; name = QuartzCore.framework; path = System/Library/Frameworks/QuartzCore.framework; sourceTree = SDKROOT; };
		D427F6341341A0480015C23D /* OpenGLES.framework */ = {isa = PBXFileReference; lastKnownFileType = wrapper.framework; name = OpenGLES.framework; path = System/Library/Frameworks/OpenGLES.framework; sourceTree = SDKROOT; };
		D427F6381341A0480015C23D /* plasma2d-Info.plist */ = {isa = PBXFileReference; lastKnownFileType = text.plist.xml; path = "plasma2d-Info.plist"; sourceTree = "<group>"; };
		D427F63A1341A0480015C23D /* en */ = {isa = PBXFileReference; lastKnownFileType = text.plist.strings; name = en; path = en.lproj/InfoPlist.strings; sourceTree = "<group>"; };
		D427F63C1341A0480015C23D /* plasma2d-Prefix.pch */ = {isa = PBXFileReference; lastKnownFileType = sourcecode.c.h; path = "plasma2d-Prefix.pch"; sourceTree = "<group>"; };
		D427F63D1341A0480015C23D /* main.m */ = {isa = PBXFileReference; lastKnownFileType = sourcecode.c.objc; path = main.m; sourceTree = "<group>"; };
		D427F63F1341A0480015C23D /* plasma2dAppDelegate.h */ = {isa = PBXFileReference; lastKnownFileType = sourcecode.c.h; path = plasma2dAppDelegate.h; sourceTree = "<group>"; };
		D427F6401341A0480015C23D /* plasma2dAppDelegate.mm */ = {isa = PBXFileReference; lastKnownFileType = sourcecode.cpp.objcpp; path = plasma2dAppDelegate.mm; sourceTree = "<group>"; };
		D427F6431341A0480015C23D /* en */ = {isa = PBXFileReference; lastKnownFileType = file.xib; name = en; path = en.lproj/MainWindow.xib; sourceTree = "<group>"; };
		D427F6491341A0480015C23D /* EAGLView.h */ = {isa = PBXFileReference; lastKnownFileType = sourcecode.c.h; path = EAGLView.h; sourceTree = "<group>"; };
		D427F64A1341A0480015C23D /* EAGLView.m */ = {isa = PBXFileReference; lastKnownFileType = sourcecode.c.objc; path = EAGLView.m; sourceTree = "<group>"; };
		D427F64C1341A0480015C23D /* plasma2dViewController.h */ = {isa = PBXFileReference; lastKnownFileType = sourcecode.c.h; path = plasma2dViewController.h; sourceTree = "<group>"; };
		D427F64D1341A0480015C23D /* plasma2dViewController.mm */ = {isa = PBXFileReference; lastKnownFileType = sourcecode.cpp.objcpp; path = plasma2dViewController.mm; sourceTree = "<group>"; };
		D427F6501341A0480015C23D /* en */ = {isa = PBXFileReference; lastKnownFileType = file.xib; name = en; path = en.lproj/plasma2dViewController.xib; sourceTree = "<group>"; };
		D465E0D31342D6E800E7D604 /* libplasma2d.a */ = {isa = PBXFileReference; explicitFileType = archive.ar; includeInIndex = 0; path = libplasma2d.a; sourceTree = BUILT_PRODUCTS_DIR; };
		D465E0D71342D6E800E7D604 /* libplasma2d-Prefix.pch */ = {isa = PBXFileReference; lastKnownFileType = sourcecode.c.h; path = "libplasma2d-Prefix.pch"; sourceTree = "<group>"; };
		D465E0DB1342D9E500E7D604 /* plasma2d.h */ = {isa = PBXFileReference; fileEncoding = 4; lastKnownFileType = sourcecode.c.h; path = plasma2d.h; sourceTree = "<group>"; };
		D465E0DE1342DB3A00E7D604 /* engine.cc */ = {isa = PBXFileReference; fileEncoding = 4; lastKnownFileType = sourcecode.cpp.cpp; path = engine.cc; sourceTree = "<group>"; };
		D465E0DF1342DB3A00E7D604 /* engine.h */ = {isa = PBXFileReference; explicitFileType = sourcecode.cpp.h; fileEncoding = 4; path = engine.h; sourceTree = "<group>"; };
		D48749C7135241E800308CD7 /* move_color.vert */ = {isa = PBXFileReference; fileEncoding = 4; lastKnownFileType = sourcecode.glsl; path = move_color.vert; sourceTree = "<group>"; };
		D48749CE1352563300308CD7 /* move_color.frag */ = {isa = PBXFileReference; lastKnownFileType = sourcecode.glsl; path = move_color.frag; sourceTree = "<group>"; };
		D4A0225413452EF600E1031F /* scene.cc */ = {isa = PBXFileReference; fileEncoding = 4; lastKnownFileType = sourcecode.cpp.cpp; path = scene.cc; sourceTree = "<group>"; };
		D4A0225513452EF600E1031F /* scene.h */ = {isa = PBXFileReference; fileEncoding = 4; lastKnownFileType = sourcecode.c.h; path = scene.h; sourceTree = "<group>"; };
		D4A0225913452FA100E1031F /* display_object.cc */ = {isa = PBXFileReference; fileEncoding = 4; lastKnownFileType = sourcecode.cpp.cpp; path = display_object.cc; sourceTree = "<group>"; };
		D4A0225A13452FA100E1031F /* display_object.h */ = {isa = PBXFileReference; fileEncoding = 4; lastKnownFileType = sourcecode.c.h; path = display_object.h; sourceTree = "<group>"; };
		D4A0225D1345300700E1031F /* defs.cc */ = {isa = PBXFileReference; fileEncoding = 4; lastKnownFileType = sourcecode.cpp.cpp; path = defs.cc; sourceTree = "<group>"; };
		D4A0225E1345300700E1031F /* defs.h */ = {isa = PBXFileReference; fileEncoding = 4; lastKnownFileType = sourcecode.c.h; path = defs.h; sourceTree = "<group>"; };
		D4A022611345303800E1031F /* animator.cc */ = {isa = PBXFileReference; fileEncoding = 4; lastKnownFileType = sourcecode.cpp.cpp; path = animator.cc; sourceTree = "<group>"; };
		D4A022621345303900E1031F /* animator.h */ = {isa = PBXFileReference; fileEncoding = 4; lastKnownFileType = sourcecode.c.h; path = animator.h; sourceTree = "<group>"; };
		D4A02265134537C000E1031F /* test_scene.cc */ = {isa = PBXFileReference; fileEncoding = 4; lastKnownFileType = sourcecode.cpp.cpp; path = test_scene.cc; sourceTree = "<group>"; };
		D4A02266134537C000E1031F /* test_scene.h */ = {isa = PBXFileReference; fileEncoding = 4; lastKnownFileType = sourcecode.c.h; path = test_scene.h; sourceTree = "<group>"; };
		D4A0226813453E2300E1031F /* actor.cc */ = {isa = PBXFileReference; fileEncoding = 4; lastKnownFileType = sourcecode.cpp.cpp; path = actor.cc; sourceTree = "<group>"; };
		D4A0226913453E2400E1031F /* actor.h */ = {isa = PBXFileReference; fileEncoding = 4; lastKnownFileType = sourcecode.c.h; path = actor.h; sourceTree = "<group>"; };
		D4BA3954134EAFD600D39D50 /* shader_manager.cc */ = {isa = PBXFileReference; fileEncoding = 4; lastKnownFileType = sourcecode.cpp.cpp; path = shader_manager.cc; sourceTree = "<group>"; };
		D4BA3955134EAFD600D39D50 /* shader_manager.h */ = {isa = PBXFileReference; fileEncoding = 4; lastKnownFileType = sourcecode.c.h; path = shader_manager.h; sourceTree = "<group>"; };
		D4DEDEDF1344438F00699EA9 /* director.cc */ = {isa = PBXFileReference; fileEncoding = 4; lastKnownFileType = sourcecode.cpp.cpp; path = director.cc; sourceTree = "<group>"; };
		D4DEDEE01344438F00699EA9 /* director.h */ = {isa = PBXFileReference; fileEncoding = 4; lastKnownFileType = sourcecode.c.h; path = director.h; sourceTree = "<group>"; };
		D4E16C6D135699F600009D1B /* matrix.cc */ = {isa = PBXFileReference; fileEncoding = 4; lastKnownFileType = sourcecode.cpp.cpp; path = matrix.cc; sourceTree = "<group>"; };
		D4E16C6E135699F600009D1B /* matrix.h */ = {isa = PBXFileReference; fileEncoding = 4; lastKnownFileType = sourcecode.c.h; path = matrix.h; sourceTree = "<group>"; };
		D4F05DC4134773C4002A4827 /* libsoil.a */ = {isa = PBXFileReference; explicitFileType = archive.ar; includeInIndex = 0; path = libsoil.a; sourceTree = BUILT_PRODUCTS_DIR; };
		D4F05DC8134773C4002A4827 /* soil-Prefix.pch */ = {isa = PBXFileReference; lastKnownFileType = sourcecode.c.h; path = "soil-Prefix.pch"; sourceTree = "<group>"; };
		D4F05DCD13477488002A4827 /* image_DXT.c */ = {isa = PBXFileReference; fileEncoding = 4; lastKnownFileType = sourcecode.c.c; path = image_DXT.c; sourceTree = "<group>"; };
		D4F05DCE13477488002A4827 /* image_DXT.h */ = {isa = PBXFileReference; fileEncoding = 4; lastKnownFileType = sourcecode.c.h; path = image_DXT.h; sourceTree = "<group>"; };
		D4F05DCF13477488002A4827 /* image_helper.c */ = {isa = PBXFileReference; fileEncoding = 4; lastKnownFileType = sourcecode.c.c; path = image_helper.c; sourceTree = "<group>"; };
		D4F05DD013477488002A4827 /* image_helper.h */ = {isa = PBXFileReference; fileEncoding = 4; lastKnownFileType = sourcecode.c.h; path = image_helper.h; sourceTree = "<group>"; };
		D4F05DD113477488002A4827 /* SOIL.c */ = {isa = PBXFileReference; fileEncoding = 4; lastKnownFileType = sourcecode.c.c; path = SOIL.c; sourceTree = "<group>"; };
		D4F05DD213477488002A4827 /* SOIL.h */ = {isa = PBXFileReference; fileEncoding = 4; lastKnownFileType = sourcecode.c.h; path = SOIL.h; sourceTree = "<group>"; };
		D4F05DD313477488002A4827 /* stb_image_aug.c */ = {isa = PBXFileReference; fileEncoding = 4; lastKnownFileType = sourcecode.c.c; path = stb_image_aug.c; sourceTree = "<group>"; };
		D4F05DD413477488002A4827 /* stb_image_aug.h */ = {isa = PBXFileReference; fileEncoding = 4; lastKnownFileType = sourcecode.c.h; path = stb_image_aug.h; sourceTree = "<group>"; };
		D4F05DD513477488002A4827 /* stbi_DDS_aug_c.h */ = {isa = PBXFileReference; fileEncoding = 4; lastKnownFileType = sourcecode.c.h; path = stbi_DDS_aug_c.h; sourceTree = "<group>"; };
		D4F05DD613477488002A4827 /* stbi_DDS_aug.h */ = {isa = PBXFileReference; fileEncoding = 4; lastKnownFileType = sourcecode.c.h; path = stbi_DDS_aug.h; sourceTree = "<group>"; };
		D4F05DE113477E3D002A4827 /* texture_manager.cc */ = {isa = PBXFileReference; fileEncoding = 4; lastKnownFileType = sourcecode.cpp.cpp; path = texture_manager.cc; sourceTree = "<group>"; };
		D4F05DE213477E3D002A4827 /* texture_manager.h */ = {isa = PBXFileReference; fileEncoding = 4; lastKnownFileType = sourcecode.c.h; path = texture_manager.h; sourceTree = "<group>"; };
/* End PBXFileReference section */

/* Begin PBXFrameworksBuildPhase section */
		D427F6251341A0480015C23D /* Frameworks */ = {
			isa = PBXFrameworksBuildPhase;
			buildActionMask = 2147483647;
			files = (
				D4271ABF1342E10A00553669 /* libplasma2d.a in Frameworks */,
				D427F62D1341A0480015C23D /* UIKit.framework in Frameworks */,
				D427F62F1341A0480015C23D /* Foundation.framework in Frameworks */,
				D427F6311341A0480015C23D /* CoreGraphics.framework in Frameworks */,
				D427F6331341A0480015C23D /* QuartzCore.framework in Frameworks */,
				D427F6351341A0480015C23D /* OpenGLES.framework in Frameworks */,
			);
			runOnlyForDeploymentPostprocessing = 0;
		};
		D465E0D01342D6E800E7D604 /* Frameworks */ = {
			isa = PBXFrameworksBuildPhase;
			buildActionMask = 2147483647;
			files = (
				D4F05DCC1347742F002A4827 /* libsoil.a in Frameworks */,
				D465E0D41342D6E800E7D604 /* Foundation.framework in Frameworks */,
			);
			runOnlyForDeploymentPostprocessing = 0;
		};
		D4F05DC1134773C4002A4827 /* Frameworks */ = {
			isa = PBXFrameworksBuildPhase;
			buildActionMask = 2147483647;
			files = (
				D4F05DC5134773C4002A4827 /* Foundation.framework in Frameworks */,
			);
			runOnlyForDeploymentPostprocessing = 0;
		};
/* End PBXFrameworksBuildPhase section */

/* Begin PBXGroup section */
		D427F61D1341A0470015C23D = {
			isa = PBXGroup;
			children = (
				D41F2EBD1347C3CD00E84862 /* img_test.bmp */,
				D41F2EBE1347C3CD00E84862 /* img_test.png */,
				D4F05DC4134773C4002A4827 /* libsoil.a */,
				D465E0D31342D6E800E7D604 /* libplasma2d.a */,
				D427F6361341A0480015C23D /* plasma2d-ios */,
				D465E0D51342D6E800E7D604 /* libplasma2d */,
				D48749C51352416700308CD7 /* shaders */,
				D427F62B1341A0480015C23D /* Frameworks */,
				D427F6291341A0480015C23D /* Products */,
			);
			sourceTree = "<group>";
		};
		D427F6291341A0480015C23D /* Products */ = {
			isa = PBXGroup;
			children = (
				D427F6281341A0480015C23D /* plasma2d.app */,
			);
			name = Products;
			sourceTree = "<group>";
		};
		D427F62B1341A0480015C23D /* Frameworks */ = {
			isa = PBXGroup;
			children = (
				D427F62C1341A0480015C23D /* UIKit.framework */,
				D427F62E1341A0480015C23D /* Foundation.framework */,
				D427F6301341A0480015C23D /* CoreGraphics.framework */,
				D427F6321341A0480015C23D /* QuartzCore.framework */,
				D427F6341341A0480015C23D /* OpenGLES.framework */,
			);
			name = Frameworks;
			sourceTree = "<group>";
		};
		D427F6361341A0480015C23D /* plasma2d-ios */ = {
			isa = PBXGroup;
			children = (
				D427F63F1341A0480015C23D /* plasma2dAppDelegate.h */,
				D427F6401341A0480015C23D /* plasma2dAppDelegate.mm */,
				D427F6421341A0480015C23D /* MainWindow.xib */,
				D427F6491341A0480015C23D /* EAGLView.h */,
				D427F64A1341A0480015C23D /* EAGLView.m */,
				D427F64C1341A0480015C23D /* plasma2dViewController.h */,
				D427F64D1341A0480015C23D /* plasma2dViewController.mm */,
				D427F64F1341A0480015C23D /* plasma2dViewController.xib */,
				D4A02265134537C000E1031F /* test_scene.cc */,
				D4A02266134537C000E1031F /* test_scene.h */,
				D427F6371341A0480015C23D /* Supporting Files */,
			);
			path = "plasma2d-ios";
			sourceTree = "<group>";
		};
		D427F6371341A0480015C23D /* Supporting Files */ = {
			isa = PBXGroup;
			children = (
				D427F6381341A0480015C23D /* plasma2d-Info.plist */,
				D427F6391341A0480015C23D /* InfoPlist.strings */,
				D427F63C1341A0480015C23D /* plasma2d-Prefix.pch */,
				D427F63D1341A0480015C23D /* main.m */,
			);
			name = "Supporting Files";
			sourceTree = "<group>";
		};
		D465E0D51342D6E800E7D604 /* libplasma2d */ = {
			isa = PBXGroup;
			children = (
				D47B9A3A134771590002FC57 /* external */,
				D465E0DD1342DA6B00E7D604 /* engine */,
				D465E0D61342D6E800E7D604 /* Supporting Files */,
				D465E0DB1342D9E500E7D604 /* plasma2d.h */,
			);
			path = libplasma2d;
			sourceTree = "<group>";
		};
		D465E0D61342D6E800E7D604 /* Supporting Files */ = {
			isa = PBXGroup;
			children = (
				D465E0D71342D6E800E7D604 /* libplasma2d-Prefix.pch */,
			);
			name = "Supporting Files";
			sourceTree = "<group>";
		};
		D465E0DD1342DA6B00E7D604 /* engine */ = {
			isa = PBXGroup;
			children = (
				D465E0DE1342DB3A00E7D604 /* engine.cc */,
				D465E0DF1342DB3A00E7D604 /* engine.h */,
				D4DEDEDF1344438F00699EA9 /* director.cc */,
				D4DEDEE01344438F00699EA9 /* director.h */,
				D4A0225413452EF600E1031F /* scene.cc */,
				D4A0225513452EF600E1031F /* scene.h */,
				D4A0225913452FA100E1031F /* display_object.cc */,
				D4A0225A13452FA100E1031F /* display_object.h */,
				D4A0225D1345300700E1031F /* defs.cc */,
				D4A0225E1345300700E1031F /* defs.h */,
				D4A022611345303800E1031F /* animator.cc */,
				D4A022621345303900E1031F /* animator.h */,
				D4A0226813453E2300E1031F /* actor.cc */,
				D4A0226913453E2400E1031F /* actor.h */,
				D4F05DE113477E3D002A4827 /* texture_manager.cc */,
				D4F05DE213477E3D002A4827 /* texture_manager.h */,
				D41F2F5F13484C5C00E84862 /* hash_map_defs.h */,
				D4BA3954134EAFD600D39D50 /* shader_manager.cc */,
				D4BA3955134EAFD600D39D50 /* shader_manager.h */,
				D4E16C6D135699F600009D1B /* matrix.cc */,
				D4E16C6E135699F600009D1B /* matrix.h */,
			);
			path = engine;
			sourceTree = "<group>";
		};
		D47B9A3A134771590002FC57 /* external */ = {
			isa = PBXGroup;
			children = (
				D4F05DC6134773C4002A4827 /* soil */,
			);
			path = external;
			sourceTree = "<group>";
		};
		D48749C51352416700308CD7 /* shaders */ = {
			isa = PBXGroup;
			children = (
				D48749C7135241E800308CD7 /* move_color.vert */,
				D48749CE1352563300308CD7 /* move_color.frag */,
			);
			path = shaders;
			sourceTree = "<group>";
		};
		D4F05DC6134773C4002A4827 /* soil */ = {
			isa = PBXGroup;
			children = (
				D4F05DCD13477488002A4827 /* image_DXT.c */,
				D4F05DCE13477488002A4827 /* image_DXT.h */,
				D4F05DCF13477488002A4827 /* image_helper.c */,
				D4F05DD013477488002A4827 /* image_helper.h */,
				D4F05DD113477488002A4827 /* SOIL.c */,
				D4F05DD213477488002A4827 /* SOIL.h */,
				D4F05DD313477488002A4827 /* stb_image_aug.c */,
				D4F05DD413477488002A4827 /* stb_image_aug.h */,
				D4F05DD513477488002A4827 /* stbi_DDS_aug_c.h */,
				D4F05DD613477488002A4827 /* stbi_DDS_aug.h */,
				D4F05DC7134773C4002A4827 /* Supporting Files */,
			);
			path = soil;
			sourceTree = "<group>";
		};
		D4F05DC7134773C4002A4827 /* Supporting Files */ = {
			isa = PBXGroup;
			children = (
				D4F05DC8134773C4002A4827 /* soil-Prefix.pch */,
			);
			name = "Supporting Files";
			sourceTree = "<group>";
		};
/* End PBXGroup section */

/* Begin PBXHeadersBuildPhase section */
		D465E0D11342D6E800E7D604 /* Headers */ = {
			isa = PBXHeadersBuildPhase;
			buildActionMask = 2147483647;
			files = (
				D465E0DC1342D9E500E7D604 /* plasma2d.h in Headers */,
				D465E0E11342DB3A00E7D604 /* engine.h in Headers */,
				D4DEDEE21344438F00699EA9 /* director.h in Headers */,
				D4A0225713452EF600E1031F /* scene.h in Headers */,
				D4A0225C13452FA100E1031F /* display_object.h in Headers */,
				D4A022601345300800E1031F /* defs.h in Headers */,
				D4A022641345303900E1031F /* animator.h in Headers */,
				D4A0226B13453E2600E1031F /* actor.h in Headers */,
				D4F05DE413477E3E002A4827 /* texture_manager.h in Headers */,
				D41F2F6013484C5C00E84862 /* hash_map_defs.h in Headers */,
				D4BA3957134EAFD600D39D50 /* shader_manager.h in Headers */,
				D4E16C70135699F700009D1B /* matrix.h in Headers */,
			);
			runOnlyForDeploymentPostprocessing = 0;
		};
		D4F05DC2134773C4002A4827 /* Headers */ = {
			isa = PBXHeadersBuildPhase;
			buildActionMask = 2147483647;
			files = (
				D4F05DD813477488002A4827 /* image_DXT.h in Headers */,
				D4F05DDA13477488002A4827 /* image_helper.h in Headers */,
				D4F05DDC13477488002A4827 /* SOIL.h in Headers */,
				D4F05DDE13477488002A4827 /* stb_image_aug.h in Headers */,
				D4F05DDF13477488002A4827 /* stbi_DDS_aug_c.h in Headers */,
				D4F05DE013477488002A4827 /* stbi_DDS_aug.h in Headers */,
			);
			runOnlyForDeploymentPostprocessing = 0;
		};
/* End PBXHeadersBuildPhase section */

/* Begin PBXNativeTarget section */
		D427F6271341A0480015C23D /* plasma2d */ = {
			isa = PBXNativeTarget;
			buildConfigurationList = D427F6541341A0480015C23D /* Build configuration list for PBXNativeTarget "plasma2d" */;
			buildPhases = (
				D427F6241341A0480015C23D /* Sources */,
				D427F6251341A0480015C23D /* Frameworks */,
				D427F6261341A0480015C23D /* Resources */,
				D48749CC1352549000308CD7 /* CopyFiles */,
			);
			buildRules = (
			);
			dependencies = (
			);
			name = plasma2d;
			productName = plasma2d;
			productReference = D427F6281341A0480015C23D /* plasma2d.app */;
			productType = "com.apple.product-type.application";
		};
		D465E0D21342D6E800E7D604 /* libplasma2d */ = {
			isa = PBXNativeTarget;
			buildConfigurationList = D465E0D81342D6E800E7D604 /* Build configuration list for PBXNativeTarget "libplasma2d" */;
			buildPhases = (
				D465E0CF1342D6E800E7D604 /* Sources */,
				D465E0D01342D6E800E7D604 /* Frameworks */,
				D465E0D11342D6E800E7D604 /* Headers */,
			);
			buildRules = (
			);
			dependencies = (
			);
			name = libplasma2d;
			productName = libplasma2d;
			productReference = D465E0D31342D6E800E7D604 /* libplasma2d.a */;
			productType = "com.apple.product-type.library.static";
		};
		D4F05DC3134773C4002A4827 /* soil */ = {
			isa = PBXNativeTarget;
			buildConfigurationList = D4F05DC9134773C4002A4827 /* Build configuration list for PBXNativeTarget "soil" */;
			buildPhases = (
				D4F05DC0134773C4002A4827 /* Sources */,
				D4F05DC1134773C4002A4827 /* Frameworks */,
				D4F05DC2134773C4002A4827 /* Headers */,
			);
			buildRules = (
			);
			dependencies = (
			);
			name = soil;
			productName = soil;
			productReference = D4F05DC4134773C4002A4827 /* libsoil.a */;
			productType = "com.apple.product-type.library.static";
		};
/* End PBXNativeTarget section */

/* Begin PBXProject section */
		D427F61F1341A0470015C23D /* Project object */ = {
			isa = PBXProject;
			buildConfigurationList = D427F6221341A0470015C23D /* Build configuration list for PBXProject "plasma2d" */;
			compatibilityVersion = "Xcode 3.2";
			developmentRegion = English;
			hasScannedForEncodings = 0;
			knownRegions = (
				en,
			);
			mainGroup = D427F61D1341A0470015C23D;
			productRefGroup = D427F6291341A0480015C23D /* Products */;
			projectDirPath = "";
			projectRoot = "";
			targets = (
				D427F6271341A0480015C23D /* plasma2d */,
				D465E0D21342D6E800E7D604 /* libplasma2d */,
				D4F05DC3134773C4002A4827 /* soil */,
			);
		};
/* End PBXProject section */

/* Begin PBXResourcesBuildPhase section */
		D427F6261341A0480015C23D /* Resources */ = {
			isa = PBXResourcesBuildPhase;
			buildActionMask = 2147483647;
			files = (
				D41F2EBF1347C3CD00E84862 /* img_test.bmp in Resources */,
				D41F2EC01347C3CD00E84862 /* img_test.png in Resources */,
				D427F63B1341A0480015C23D /* InfoPlist.strings in Resources */,
				D427F6441341A0480015C23D /* MainWindow.xib in Resources */,
				D427F6511341A0480015C23D /* plasma2dViewController.xib in Resources */,
			);
			runOnlyForDeploymentPostprocessing = 0;
		};
/* End PBXResourcesBuildPhase section */

/* Begin PBXSourcesBuildPhase section */
		D427F6241341A0480015C23D /* Sources */ = {
			isa = PBXSourcesBuildPhase;
			buildActionMask = 2147483647;
			files = (
				D427F63E1341A0480015C23D /* main.m in Sources */,
				D427F6411341A0480015C23D /* plasma2dAppDelegate.mm in Sources */,
				D427F64B1341A0480015C23D /* EAGLView.m in Sources */,
				D427F64E1341A0480015C23D /* plasma2dViewController.mm in Sources */,
				D4A02267134537C000E1031F /* test_scene.cc in Sources */,
			);
			runOnlyForDeploymentPostprocessing = 0;
		};
		D465E0CF1342D6E800E7D604 /* Sources */ = {
			isa = PBXSourcesBuildPhase;
			buildActionMask = 2147483647;
			files = (
				D465E0E01342DB3A00E7D604 /* engine.cc in Sources */,
				D4DEDEE11344438F00699EA9 /* director.cc in Sources */,
				D4A0225613452EF600E1031F /* scene.cc in Sources */,
				D4A0225B13452FA100E1031F /* display_object.cc in Sources */,
				D4A0225F1345300800E1031F /* defs.cc in Sources */,
				D4A022631345303900E1031F /* animator.cc in Sources */,
				D4A0226A13453E2600E1031F /* actor.cc in Sources */,
				D4F05DE313477E3E002A4827 /* texture_manager.cc in Sources */,
				D4BA3956134EAFD600D39D50 /* shader_manager.cc in Sources */,
				D4E16C6F135699F700009D1B /* matrix.cc in Sources */,
			);
			runOnlyForDeploymentPostprocessing = 0;
		};
		D4F05DC0134773C4002A4827 /* Sources */ = {
			isa = PBXSourcesBuildPhase;
			buildActionMask = 2147483647;
			files = (
				D4F05DD713477488002A4827 /* image_DXT.c in Sources */,
				D4F05DD913477488002A4827 /* image_helper.c in Sources */,
				D4F05DDB13477488002A4827 /* SOIL.c in Sources */,
				D4F05DDD13477488002A4827 /* stb_image_aug.c in Sources */,
			);
			runOnlyForDeploymentPostprocessing = 0;
		};
/* End PBXSourcesBuildPhase section */

/* Begin PBXVariantGroup section */
		D427F6391341A0480015C23D /* InfoPlist.strings */ = {
			isa = PBXVariantGroup;
			children = (
				D427F63A1341A0480015C23D /* en */,
			);
			name = InfoPlist.strings;
			sourceTree = "<group>";
		};
		D427F6421341A0480015C23D /* MainWindow.xib */ = {
			isa = PBXVariantGroup;
			children = (
				D427F6431341A0480015C23D /* en */,
			);
			name = MainWindow.xib;
			sourceTree = "<group>";
		};
		D427F64F1341A0480015C23D /* plasma2dViewController.xib */ = {
			isa = PBXVariantGroup;
			children = (
				D427F6501341A0480015C23D /* en */,
			);
			name = plasma2dViewController.xib;
			sourceTree = "<group>";
		};
/* End PBXVariantGroup section */

/* Begin XCBuildConfiguration section */
		D427F6521341A0480015C23D /* Debug */ = {
			isa = XCBuildConfiguration;
			buildSettings = {
				ARCHS = "$(ARCHS_UNIVERSAL_IPHONE_OS)";
				"CODE_SIGN_IDENTITY[sdk=iphoneos*]" = "iPhone Developer";
				GCC_C_LANGUAGE_STANDARD = gnu99;
				GCC_OPTIMIZATION_LEVEL = 0;
				GCC_PREPROCESSOR_DEFINITIONS = DEBUG;
				GCC_VERSION = com.apple.compilers.llvmgcc42;
				GCC_WARN_ABOUT_RETURN_TYPE = YES;
				GCC_WARN_UNUSED_VARIABLE = YES;
				IPHONEOS_DEPLOYMENT_TARGET = 4.2;
				SDKROOT = iphoneos;
				TARGETED_DEVICE_FAMILY = 2;
			};
			name = Debug;
		};
		D427F6531341A0480015C23D /* Release */ = {
			isa = XCBuildConfiguration;
			buildSettings = {
				ARCHS = "$(ARCHS_UNIVERSAL_IPHONE_OS)";
				"CODE_SIGN_IDENTITY[sdk=iphoneos*]" = "iPhone Developer";
				GCC_C_LANGUAGE_STANDARD = gnu99;
				GCC_VERSION = com.apple.compilers.llvmgcc42;
				GCC_WARN_ABOUT_RETURN_TYPE = YES;
				GCC_WARN_UNUSED_VARIABLE = YES;
				IPHONEOS_DEPLOYMENT_TARGET = 4.2;
				OTHER_CFLAGS = "-DNS_BLOCK_ASSERTIONS=1";
				SDKROOT = iphoneos;
				TARGETED_DEVICE_FAMILY = 2;
			};
			name = Release;
		};
		D427F6551341A0480015C23D /* Debug */ = {
			isa = XCBuildConfiguration;
			buildSettings = {
				ALWAYS_SEARCH_USER_PATHS = NO;
				COPY_PHASE_STRIP = NO;
				GCC_DYNAMIC_NO_PIC = NO;
				GCC_PRECOMPILE_PREFIX_HEADER = YES;
				GCC_PREFIX_HEADER = "plasma2d-ios/plasma2d-Prefix.pch";
				"GCC_THUMB_SUPPORT[arch=armv6]" = "";
				INFOPLIST_FILE = "plasma2d-ios/plasma2d-Info.plist";
				INSTALL_PATH = "$(LOCAL_APPS_DIR)";
				PRODUCT_NAME = "$(TARGET_NAME)";
				WRAPPER_EXTENSION = app;
			};
			name = Debug;
		};
		D427F6561341A0480015C23D /* Release */ = {
			isa = XCBuildConfiguration;
			buildSettings = {
				ALWAYS_SEARCH_USER_PATHS = NO;
				COPY_PHASE_STRIP = YES;
				GCC_PRECOMPILE_PREFIX_HEADER = YES;
				GCC_PREFIX_HEADER = "plasma2d-ios/plasma2d-Prefix.pch";
				"GCC_THUMB_SUPPORT[arch=armv6]" = "";
				INFOPLIST_FILE = "plasma2d-ios/plasma2d-Info.plist";
				INSTALL_PATH = "$(LOCAL_APPS_DIR)";
				PRODUCT_NAME = "$(TARGET_NAME)";
				VALIDATE_PRODUCT = YES;
				WRAPPER_EXTENSION = app;
			};
			name = Release;
		};
		D465E0D91342D6E800E7D604 /* Debug */ = {
			isa = XCBuildConfiguration;
			buildSettings = {
				ALWAYS_SEARCH_USER_PATHS = NO;
				ARCHS = "$(ARCHS_STANDARD_32_BIT)";
				DSTROOT = /tmp/libplasma2d.dst;
				GCC_PRECOMPILE_PREFIX_HEADER = YES;
				GCC_PREFIX_HEADER = "libplasma2d/libplasma2d-Prefix.pch";
				OTHER_LDFLAGS = "-ObjC";
				PRODUCT_NAME = plasma2d;
				USER_HEADER_SEARCH_PATHS = "libplasma2d/external/soil/** libplasma2d/external";
			};
			name = Debug;
		};
		D465E0DA1342D6E800E7D604 /* Release */ = {
			isa = XCBuildConfiguration;
			buildSettings = {
				ALWAYS_SEARCH_USER_PATHS = NO;
				ARCHS = "$(ARCHS_STANDARD_32_BIT)";
				DSTROOT = /tmp/libplasma2d.dst;
				GCC_PRECOMPILE_PREFIX_HEADER = YES;
				GCC_PREFIX_HEADER = "libplasma2d/libplasma2d-Prefix.pch";
				OTHER_LDFLAGS = "-ObjC";
				PRODUCT_NAME = plasma2d;
				USER_HEADER_SEARCH_PATHS = "libplasma2d/external/soil/** libplasma2d/external";
			};
			name = Release;
		};
		D4F05DCA134773C4002A4827 /* Debug */ = {
			isa = XCBuildConfiguration;
			buildSettings = {
				ALWAYS_SEARCH_USER_PATHS = NO;
				ARCHS = "$(ARCHS_STANDARD_32_BIT)";
				DSTROOT = /tmp/soil.dst;
				GCC_PRECOMPILE_PREFIX_HEADER = YES;
				GCC_PREFIX_HEADER = "libplasma2d/external/soil/soil-Prefix.pch";
				OTHER_LDFLAGS = "-ObjC";
				PRODUCT_NAME = "$(TARGET_NAME)";
			};
			name = Debug;
		};
		D4F05DCB134773C4002A4827 /* Release */ = {
			isa = XCBuildConfiguration;
			buildSettings = {
				ALWAYS_SEARCH_USER_PATHS = NO;
				ARCHS = "$(ARCHS_STANDARD_32_BIT)";
				DSTROOT = /tmp/soil.dst;
				GCC_PRECOMPILE_PREFIX_HEADER = YES;
				GCC_PREFIX_HEADER = "libplasma2d/external/soil/soil-Prefix.pch";
				OTHER_LDFLAGS = "-ObjC";
				PRODUCT_NAME = "$(TARGET_NAME)";
			};
			name = Release;
		};
/* End XCBuildConfiguration section */

/* Begin XCConfigurationList section */
		D427F6221341A0470015C23D /* Build configuration list for PBXProject "plasma2d" */ = {
			isa = XCConfigurationList;
			buildConfigurations = (
				D427F6521341A0480015C23D /* Debug */,
				D427F6531341A0480015C23D /* Release */,
			);
			defaultConfigurationIsVisible = 0;
			defaultConfigurationName = Release;
		};
		D427F6541341A0480015C23D /* Build configuration list for PBXNativeTarget "plasma2d" */ = {
			isa = XCConfigurationList;
			buildConfigurations = (
				D427F6551341A0480015C23D /* Debug */,
				D427F6561341A0480015C23D /* Release */,
			);
			defaultConfigurationIsVisible = 0;
			defaultConfigurationName = Release;
		};
		D465E0D81342D6E800E7D604 /* Build configuration list for PBXNativeTarget "libplasma2d" */ = {
			isa = XCConfigurationList;
			buildConfigurations = (
				D465E0D91342D6E800E7D604 /* Debug */,
				D465E0DA1342D6E800E7D604 /* Release */,
			);
			defaultConfigurationIsVisible = 0;
			defaultConfigurationName = Release;
		};
		D4F05DC9134773C4002A4827 /* Build configuration list for PBXNativeTarget "soil" */ = {
			isa = XCConfigurationList;
			buildConfigurations = (
				D4F05DCA134773C4002A4827 /* Debug */,
				D4F05DCB134773C4002A4827 /* Release */,
			);
			defaultConfigurationIsVisible = 0;
			defaultConfigurationName = Release;
		};
/* End XCConfigurationList section */
	};
	rootObject = D427F61F1341A0470015C23D /* Project object */;
}
